
Microsoft Visual Studio Solution File, Format Version 12.00
# Visual Studio Version 16
VisualStudioVersion = 16.0.31702.278
MinimumVisualStudioVersion = 10.0.40219.1
Project("{E24C65DC-7377-472B-9ABA-BC803B73C61A}") = "TeeChart WebDemo", ".", "{5A7D3AF8-4BB3-4E80-8BC9-0ED8C0B43A85}"
	ProjectSection(WebsiteProperties) = preProject
		TargetFrameworkMoniker = ".NETFramework,Version%3Dv4.0"
		Debug.AspNetCompiler.VirtualPath = "/localhost_4737"
		Debug.AspNetCompiler.PhysicalPath = "..\TeeChart WebDemo\"
		Debug.AspNetCompiler.TargetPath = "PrecompiledWeb\localhost_4737\"
		Debug.AspNetCompiler.Updateable = "true"
		Debug.AspNetCompiler.ForceOverwrite = "true"
		Debug.AspNetCompiler.FixedNames = "false"
		Debug.AspNetCompiler.Debug = "True"
		Release.AspNetCompiler.VirtualPath = "/localhost_4737"
		Release.AspNetCompiler.PhysicalPath = "..\TeeChart WebDemo\"
		Release.AspNetCompiler.TargetPath = "PrecompiledWeb\localhost_4737\"
		Release.AspNetCompiler.Updateable = "true"
		Release.AspNetCompiler.ForceOverwrite = "true"
		Release.AspNetCompiler.FixedNames = "false"
		Release.AspNetCompiler.Debug = "False"
		VWDPort = "4737"
		SlnRelativePath = "..\TeeChart WebDemo\"
	EndProjectSection
EndProject
Project("{2150E333-8FDC-42A3-9474-1A3956D46DE8}") = "NuGet", "NuGet", "{8FCB21B0-DE01-45EC-BA7E-F2A7C07B115D}"
	ProjectSection(SolutionItems) = preProject
		nuget.config = nuget.config
	EndProjectSection
EndProject
Global
	GlobalSection(SolutionConfigurationPlatforms) = preSolution
		Debug|Any CPU = Debug|Any CPU
	EndGlobalSection
	GlobalSection(ProjectConfigurationPlatforms) = postSolution
		{5A7D3AF8-4BB3-4E80-8BC9-0ED8C0B43A85}.Debug|Any CPU.ActiveCfg = Debug|Any CPU
		{5A7D3AF8-4BB3-4E80-8BC9-0ED8C0B43A85}.Debug|Any CPU.Build.0 = Debug|Any CPU
	EndGlobalSection
	GlobalSection(SolutionProperties) = preSolution
		HideSolutionNode = FALSE
	EndGlobalSection
	GlobalSection(ExtensibilityGlobals) = postSolution
		SolutionGuid = {2C8FE2C0-A4CF-42EF-9D87-D3ACD9CB0097}
	EndGlobalSection
EndGlobal
