
Microsoft Visual Studio Solution File, Format Version 12.00
# Visual Studio Version 18
VisualStudioVersion = 18.5.11626.173 insiders
MinimumVisualStudioVersion = 10.0.40219.1
Project("{FAE04EC0-301F-11D3-BF4B-00C04F79EFBC}") = "RealtimeDash", "RealtimeDash.csproj", "{DAF2CE89-A624-6A1C-A2A2-B8B2C89C3E53}"
EndProject
Global
	GlobalSection(SolutionConfigurationPlatforms) = preSolution
		Debug|Any CPU = Debug|Any CPU
		Release|Any CPU = Release|Any CPU
	EndGlobalSection
	GlobalSection(ProjectConfigurationPlatforms) = postSolution
		{DAF2CE89-A624-6A1C-A2A2-B8B2C89C3E53}.Debug|Any CPU.ActiveCfg = Debug|Any CPU
		{DAF2CE89-A624-6A1C-A2A2-B8B2C89C3E53}.Debug|Any CPU.Build.0 = Debug|Any CPU
		{DAF2CE89-A624-6A1C-A2A2-B8B2C89C3E53}.Release|Any CPU.ActiveCfg = Release|Any CPU
		{DAF2CE89-A624-6A1C-A2A2-B8B2C89C3E53}.Release|Any CPU.Build.0 = Release|Any CPU
	EndGlobalSection
	GlobalSection(SolutionProperties) = preSolution
		HideSolutionNode = FALSE
	EndGlobalSection
	GlobalSection(ExtensibilityGlobals) = postSolution
		SolutionGuid = {72E851A3-70F4-47BC-9E64-6E338DC46F17}
	EndGlobalSection
EndGlobal
