
Microsoft Visual Studio Solution File, Format Version 12.00
# Visual Studio Version 17
VisualStudioVersion = 17.6.33513.286
MinimumVisualStudioVersion = 10.0.40219.1
Project("{9A19103F-16F7-4668-BE54-9A1E7A4F7556}") = "TeeChartMAUIDemos", "TeeChartMAUIDemos.csproj", "{3EB31885-4DFE-4850-8689-45D00D147058}"
EndProject
Project("{9A19103F-16F7-4668-BE54-9A1E7A4F7556}") = "TeeChart", "..\..\..\..\..\..\..\TCROOT\TeeChartForNET\Version 4\Sources\TeeChart.PCL.NET6\Headless\TeeChart\TeeChart.csproj", "{12C4E76B-A701-4FC1-AA60-DCE618C4ECCF}"
EndProject
Project("{9A19103F-16F7-4668-BE54-9A1E7A4F7556}") = "TeeChart.Maui", "..\..\..\..\..\..\..\TCROOT\TeeChartForNET\Version 4\Sources\TeeChart.PCL.NET7\TeeChart.Maui.NET7\TeeChart.Maui.csproj", "{25E7E2AE-45A6-469B-AE36-1D35B5FD38F0}"
EndProject
Global
	GlobalSection(SolutionConfigurationPlatforms) = preSolution
		Debug|Any CPU = Debug|Any CPU
		Release|Any CPU = Release|Any CPU
	EndGlobalSection
	GlobalSection(ProjectConfigurationPlatforms) = postSolution
		{3EB31885-4DFE-4850-8689-45D00D147058}.Debug|Any CPU.ActiveCfg = Debug|Any CPU
		{3EB31885-4DFE-4850-8689-45D00D147058}.Debug|Any CPU.Build.0 = Debug|Any CPU
		{3EB31885-4DFE-4850-8689-45D00D147058}.Debug|Any CPU.Deploy.0 = Debug|Any CPU
		{3EB31885-4DFE-4850-8689-45D00D147058}.Release|Any CPU.ActiveCfg = Release|Any CPU
		{3EB31885-4DFE-4850-8689-45D00D147058}.Release|Any CPU.Build.0 = Release|Any CPU
		{12C4E76B-A701-4FC1-AA60-DCE618C4ECCF}.Debug|Any CPU.ActiveCfg = Debug|Any CPU
		{12C4E76B-A701-4FC1-AA60-DCE618C4ECCF}.Debug|Any CPU.Build.0 = Debug|Any CPU
		{12C4E76B-A701-4FC1-AA60-DCE618C4ECCF}.Release|Any CPU.ActiveCfg = Release|Any CPU
		{12C4E76B-A701-4FC1-AA60-DCE618C4ECCF}.Release|Any CPU.Build.0 = Release|Any CPU
		{25E7E2AE-45A6-469B-AE36-1D35B5FD38F0}.Debug|Any CPU.ActiveCfg = Debug|Any CPU
		{25E7E2AE-45A6-469B-AE36-1D35B5FD38F0}.Debug|Any CPU.Build.0 = Debug|Any CPU
		{25E7E2AE-45A6-469B-AE36-1D35B5FD38F0}.Release|Any CPU.ActiveCfg = Release|Any CPU
		{25E7E2AE-45A6-469B-AE36-1D35B5FD38F0}.Release|Any CPU.Build.0 = Release|Any CPU
	EndGlobalSection
	GlobalSection(SolutionProperties) = preSolution
		HideSolutionNode = FALSE
	EndGlobalSection
	GlobalSection(ExtensibilityGlobals) = postSolution
		SolutionGuid = {E7A1A408-1D92-4348-836C-FD959F8AF3EA}
	EndGlobalSection
EndGlobal
