
Microsoft Visual Studio Solution File, Format Version 12.00
# Visual Studio Version 17
VisualStudioVersion = 17.14.36915.13 d17.14
MinimumVisualStudioVersion = 10.0.40219.1
Project("{FAE04EC0-301F-11D3-BF4B-00C04F79EFBC}") = "MultiPanelWF", "MultiPanelWF.csproj", "{03202958-31B9-43C9-8ADD-A4D3357D3C27}"
EndProject
Global
	GlobalSection(SolutionConfigurationPlatforms) = preSolution
		Debug|Any CPU = Debug|Any CPU
		Release|Any CPU = Release|Any CPU
	EndGlobalSection
	GlobalSection(ProjectConfigurationPlatforms) = postSolution
		{03202958-31B9-43C9-8ADD-A4D3357D3C27}.Debug|Any CPU.ActiveCfg = Debug|Any CPU
		{03202958-31B9-43C9-8ADD-A4D3357D3C27}.Debug|Any CPU.Build.0 = Debug|Any CPU
		{03202958-31B9-43C9-8ADD-A4D3357D3C27}.Release|Any CPU.ActiveCfg = Release|Any CPU
		{03202958-31B9-43C9-8ADD-A4D3357D3C27}.Release|Any CPU.Build.0 = Release|Any CPU
	EndGlobalSection
	GlobalSection(SolutionProperties) = preSolution
		HideSolutionNode = FALSE
	EndGlobalSection
	GlobalSection(ExtensibilityGlobals) = postSolution
		SolutionGuid = {B959D890-0E6F-4606-B2DF-D4AEFEBB9DFB}
	EndGlobalSection
EndGlobal
