
Microsoft Visual Studio Solution File, Format Version 12.00
# Visual Studio Version 17
VisualStudioVersion = 17.3.32929.385
MinimumVisualStudioVersion = 10.0.40219.1
Project("{9A19103F-16F7-4668-BE54-9A1E7A4F7556}") = "Speed_Test", "Speed_Test\Speed_Test.csproj", "{19BB723B-FEE3-45F2-AD0F-8A48F6BFE491}"
EndProject
Project("{9A19103F-16F7-4668-BE54-9A1E7A4F7556}") = "Benchmark", "Benchmark\Benchmark.csproj", "{D2950A55-C53A-4EE4-8296-80EF0A7C4374}"
EndProject
Global
	GlobalSection(SolutionConfigurationPlatforms) = preSolution
		Debug|Any CPU = Debug|Any CPU
		Release|Any CPU = Release|Any CPU
	EndGlobalSection
	GlobalSection(ProjectConfigurationPlatforms) = postSolution
		{19BB723B-FEE3-45F2-AD0F-8A48F6BFE491}.Debug|Any CPU.ActiveCfg = Debug|Any CPU
		{19BB723B-FEE3-45F2-AD0F-8A48F6BFE491}.Debug|Any CPU.Build.0 = Debug|Any CPU
		{19BB723B-FEE3-45F2-AD0F-8A48F6BFE491}.Release|Any CPU.ActiveCfg = Release|Any CPU
		{19BB723B-FEE3-45F2-AD0F-8A48F6BFE491}.Release|Any CPU.Build.0 = Release|Any CPU
		{D2950A55-C53A-4EE4-8296-80EF0A7C4374}.Debug|Any CPU.ActiveCfg = Debug|Any CPU
		{D2950A55-C53A-4EE4-8296-80EF0A7C4374}.Debug|Any CPU.Build.0 = Debug|Any CPU
		{D2950A55-C53A-4EE4-8296-80EF0A7C4374}.Release|Any CPU.ActiveCfg = Release|Any CPU
		{D2950A55-C53A-4EE4-8296-80EF0A7C4374}.Release|Any CPU.Build.0 = Release|Any CPU
	EndGlobalSection
	GlobalSection(SolutionProperties) = preSolution
		HideSolutionNode = FALSE
	EndGlobalSection
	GlobalSection(ExtensibilityGlobals) = postSolution
		SolutionGuid = {A2C02E18-9795-4EF9-86C2-5FFBE4376AAF}
	EndGlobalSection
EndGlobal
