
Microsoft Visual Studio Solution File, Format Version 12.00
# Visual Studio Version 17
VisualStudioVersion = 17.8.34525.116
MinimumVisualStudioVersion = 10.0.40219.1
Project("{FAE04EC0-301F-11D3-BF4B-00C04F79EFBC}") = "TestAnnotationClickEvent", "TestAnnotationClickEvent.csproj", "{9E65D6C0-5BB9-4D50-BA0C-30EFE6763D50}"
EndProject
Global
	GlobalSection(SolutionConfigurationPlatforms) = preSolution
		Debug|Any CPU = Debug|Any CPU
		Release|Any CPU = Release|Any CPU
	EndGlobalSection
	GlobalSection(ProjectConfigurationPlatforms) = postSolution
		{9E65D6C0-5BB9-4D50-BA0C-30EFE6763D50}.Debug|Any CPU.ActiveCfg = Debug|Any CPU
		{9E65D6C0-5BB9-4D50-BA0C-30EFE6763D50}.Debug|Any CPU.Build.0 = Debug|Any CPU
		{9E65D6C0-5BB9-4D50-BA0C-30EFE6763D50}.Release|Any CPU.ActiveCfg = Release|Any CPU
		{9E65D6C0-5BB9-4D50-BA0C-30EFE6763D50}.Release|Any CPU.Build.0 = Release|Any CPU
	EndGlobalSection
	GlobalSection(SolutionProperties) = preSolution
		HideSolutionNode = FALSE
	EndGlobalSection
	GlobalSection(ExtensibilityGlobals) = postSolution
		SolutionGuid = {E060E72D-73BC-4C63-8D47-0E6346AEFDE8}
	EndGlobalSection
EndGlobal
